
Microsoft Visual Studio Solution File, Format Version 12.00
# Visual Studio Version 16
VisualStudioVersion = 16.0.28922.388
MinimumVisualStudioVersion = 10.0.40219.1
Project("{FAE04EC0-301F-11D3-BF4B-00C04F79EFBC}") = "COM3D2.PNGPreset.Patcher", "COM3D2.PNGPreset.Patcher\COM3D2.PNGPreset.Patcher.csproj", "{12CC247E-4269-4509-8C9B-A8DF6541BED0}"
EndProject
Project("{FAE04EC0-301F-11D3-BF4B-00C04F79EFBC}") = "COM3D2.PNGPreset.Managed", "COM3D2.PNGPreset.Managed\COM3D2.PNGPreset.Managed.csproj", "{F1FF6040-A3F9-481E-B461-38D40377CB4F}"
EndProject
Global
	GlobalSection(SolutionConfigurationPlatforms) = preSolution
		Debug|Any CPU = Debug|Any CPU
		Release|Any CPU = Release|Any CPU
	EndGlobalSection
	GlobalSection(ProjectConfigurationPlatforms) = postSolution
		{12CC247E-4269-4509-8C9B-A8DF6541BED0}.Debug|Any CPU.ActiveCfg = Debug|Any CPU
		{12CC247E-4269-4509-8C9B-A8DF6541BED0}.Debug|Any CPU.Build.0 = Debug|Any CPU
		{12CC247E-4269-4509-8C9B-A8DF6541BED0}.Release|Any CPU.ActiveCfg = Release|Any CPU
		{12CC247E-4269-4509-8C9B-A8DF6541BED0}.Release|Any CPU.Build.0 = Release|Any CPU
		{F1FF6040-A3F9-481E-B461-38D40377CB4F}.Debug|Any CPU.ActiveCfg = Debug|Any CPU
		{F1FF6040-A3F9-481E-B461-38D40377CB4F}.Debug|Any CPU.Build.0 = Debug|Any CPU
		{F1FF6040-A3F9-481E-B461-38D40377CB4F}.Release|Any CPU.ActiveCfg = Release|Any CPU
		{F1FF6040-A3F9-481E-B461-38D40377CB4F}.Release|Any CPU.Build.0 = Release|Any CPU
	EndGlobalSection
	GlobalSection(SolutionProperties) = preSolution
		HideSolutionNode = FALSE
	EndGlobalSection
	GlobalSection(ExtensibilityGlobals) = postSolution
		SolutionGuid = {BCFD3894-D51F-4B20-B7CA-E8402CB23793}
	EndGlobalSection
EndGlobal
